
Microsoft Visual Studio Solution File, Format Version 12.00
# Visual Studio 15
VisualStudioVersion = 15.0.28010.0
MinimumVisualStudioVersion = 10.0.40219.1
Project("{FAE04EC0-301F-11D3-BF4B-00C04F79EFBC}") = "Sales.Android", "Sales\Sales.Android\Sales.Android.csproj", "{9B623C53-FBEC-43EA-93E8-8D3FD97725FA}"
EndProject
Project("{FAE04EC0-301F-11D3-BF4B-00C04F79EFBC}") = "Sales.iOS", "Sales\Sales.iOS\Sales.iOS.csproj", "{03060806-ACD1-4D56-908B-2C76C2B00919}"
EndProject
Project("{FAE04EC0-301F-11D3-BF4B-00C04F79EFBC}") = "Sales.UWP", "Sales\Sales.UWP\Sales.UWP.csproj", "{D9325F42-960C-4D16-AF15-BD1A74D33B49}"
EndProject
Project("{9A19103F-16F7-4668-BE54-9A1E7A4F7556}") = "Sales", "Sales\Sales\Sales.csproj", "{48F9DB50-3695-47B7-92E2-FA2978D35CAC}"
EndProject
Project("{FAE04EC0-301F-11D3-BF4B-00C04F79EFBC}") = "Sales.Backend", "Sales.Backend\Sales.Backend.csproj", "{259F2BBA-FBF6-4703-8632-ADE95EA0396F}"
EndProject
Project("{FAE04EC0-301F-11D3-BF4B-00C04F79EFBC}") = "Sales.API", "Sales.API\Sales.API.csproj", "{A88FEF02-1B8C-4D8A-AD08-8F6C7BDB0BFC}"
EndProject
Project("{FAE04EC0-301F-11D3-BF4B-00C04F79EFBC}") = "Sales.Domain", "Sales.Domain\Sales.Domain.csproj", "{9DA0BAF8-611A-4887-A23C-ACD61F576232}"
EndProject
Project("{FAE04EC0-301F-11D3-BF4B-00C04F79EFBC}") = "Sales.Common", "Sales.Common\Sales.Common.csproj", "{CCB68AA5-47D0-428A-9153-CE07A16FBD7D}"
EndProject
Global
	GlobalSection(SolutionConfigurationPlatforms) = preSolution
		Ad-Hoc|Any CPU = Ad-Hoc|Any CPU
		Ad-Hoc|ARM = Ad-Hoc|ARM
		Ad-Hoc|iPhone = Ad-Hoc|iPhone
		Ad-Hoc|iPhoneSimulator = Ad-Hoc|iPhoneSimulator
		Ad-Hoc|x64 = Ad-Hoc|x64
		Ad-Hoc|x86 = Ad-Hoc|x86
		AppStore|Any CPU = AppStore|Any CPU
		AppStore|ARM = AppStore|ARM
		AppStore|iPhone = AppStore|iPhone
		AppStore|iPhoneSimulator = AppStore|iPhoneSimulator
		AppStore|x64 = AppStore|x64
		AppStore|x86 = AppStore|x86
		Debug|Any CPU = Debug|Any CPU
		Debug|ARM = Debug|ARM
		Debug|iPhone = Debug|iPhone
		Debug|iPhoneSimulator = Debug|iPhoneSimulator
		Debug|x64 = Debug|x64
		Debug|x86 = Debug|x86
		Release|Any CPU = Release|Any CPU
		Release|ARM = Release|ARM
		Release|iPhone = Release|iPhone
		Release|iPhoneSimulator = Release|iPhoneSimulator
		Release|x64 = Release|x64
		Release|x86 = Release|x86
	EndGlobalSection
	GlobalSection(ProjectConfigurationPlatforms) = postSolution
		{9B623C53-FBEC-43EA-93E8-8D3FD97725FA}.Ad-Hoc|Any CPU.ActiveCfg = Release|Any CPU
		{9B623C53-FBEC-43EA-93E8-8D3FD97725FA}.Ad-Hoc|Any CPU.Build.0 = Release|Any CPU
		{9B623C53-FBEC-43EA-93E8-8D3FD97725FA}.Ad-Hoc|Any CPU.Deploy.0 = Release|Any CPU
		{9B623C53-FBEC-43EA-93E8-8D3FD97725FA}.Ad-Hoc|ARM.ActiveCfg = Release|Any CPU
		{9B623C53-FBEC-43EA-93E8-8D3FD97725FA}.Ad-Hoc|ARM.Build.0 = Release|Any CPU
		{9B623C53-FBEC-43EA-93E8-8D3FD97725FA}.Ad-Hoc|ARM.Deploy.0 = Release|Any CPU
		{9B623C53-FBEC-43EA-93E8-8D3FD97725FA}.Ad-Hoc|iPhone.ActiveCfg = Release|Any CPU
		{9B623C53-FBEC-43EA-93E8-8D3FD97725FA}.Ad-Hoc|iPhone.Build.0 = Release|Any CPU
		{9B623C53-FBEC-43EA-93E8-8D3FD97725FA}.Ad-Hoc|iPhone.Deploy.0 = Release|Any CPU
		{9B623C53-FBEC-43EA-93E8-8D3FD97725FA}.Ad-Hoc|iPhoneSimulator.ActiveCfg = Release|Any CPU
		{9B623C53-FBEC-43EA-93E8-8D3FD97725FA}.Ad-Hoc|iPhoneSimulator.Build.0 = Release|Any CPU
		{9B623C53-FBEC-43EA-93E8-8D3FD97725FA}.Ad-Hoc|iPhoneSimulator.Deploy.0 = Release|Any CPU
		{9B623C53-FBEC-43EA-93E8-8D3FD97725FA}.Ad-Hoc|x64.ActiveCfg = Release|Any CPU
		{9B623C53-FBEC-43EA-93E8-8D3FD97725FA}.Ad-Hoc|x64.Build.0 = Release|Any CPU
		{9B623C53-FBEC-43EA-93E8-8D3FD97725FA}.Ad-Hoc|x64.Deploy.0 = Release|Any CPU
		{9B623C53-FBEC-43EA-93E8-8D3FD97725FA}.Ad-Hoc|x86.ActiveCfg = Release|Any CPU
		{9B623C53-FBEC-43EA-93E8-8D3FD97725FA}.Ad-Hoc|x86.Build.0 = Release|Any CPU
		{9B623C53-FBEC-43EA-93E8-8D3FD97725FA}.Ad-Hoc|x86.Deploy.0 = Release|Any CPU
		{9B623C53-FBEC-43EA-93E8-8D3FD97725FA}.AppStore|Any CPU.ActiveCfg = Release|Any CPU
		{9B623C53-FBEC-43EA-93E8-8D3FD97725FA}.AppStore|Any CPU.Build.0 = Release|Any CPU
		{9B623C53-FBEC-43EA-93E8-8D3FD97725FA}.AppStore|Any CPU.Deploy.0 = Release|Any CPU
		{9B623C53-FBEC-43EA-93E8-8D3FD97725FA}.AppStore|ARM.ActiveCfg = Release|Any CPU
		{9B623C53-FBEC-43EA-93E8-8D3FD97725FA}.AppStore|ARM.Build.0 = Release|Any CPU
		{9B623C53-FBEC-43EA-93E8-8D3FD97725FA}.AppStore|ARM.Deploy.0 = Release|Any CPU
		{9B623C53-FBEC-43EA-93E8-8D3FD97725FA}.AppStore|iPhone.ActiveCfg = Release|Any CPU
		{9B623C53-FBEC-43EA-93E8-8D3FD97725FA}.AppStore|iPhone.Build.0 = Release|Any CPU
		{9B623C53-FBEC-43EA-93E8-8D3FD97725FA}.AppStore|iPhone.Deploy.0 = Release|Any CPU
		{9B623C53-FBEC-43EA-93E8-8D3FD97725FA}.AppStore|iPhoneSimulator.ActiveCfg = Release|Any CPU
		{9B623C53-FBEC-43EA-93E8-8D3FD97725FA}.AppStore|iPhoneSimulator.Build.0 = Release|Any CPU
		{9B623C53-FBEC-43EA-93E8-8D3FD97725FA}.AppStore|iPhoneSimulator.Deploy.0 = Release|Any CPU
		{9B623C53-FBEC-43EA-93E8-8D3FD97725FA}.AppStore|x64.ActiveCfg = Release|Any CPU
		{9B623C53-FBEC-43EA-93E8-8D3FD97725FA}.AppStore|x64.Build.0 = Release|Any CPU
		{9B623C53-FBEC-43EA-93E8-8D3FD97725FA}.AppStore|x64.Deploy.0 = Release|Any CPU
		{9B623C53-FBEC-43EA-93E8-8D3FD97725FA}.AppStore|x86.ActiveCfg = Release|Any CPU
		{9B623C53-FBEC-43EA-93E8-8D3FD97725FA}.AppStore|x86.Build.0 = Release|Any CPU
		{9B623C53-FBEC-43EA-93E8-8D3FD97725FA}.AppStore|x86.Deploy.0 = Release|Any CPU
		{9B623C53-FBEC-43EA-93E8-8D3FD97725FA}.Debug|Any CPU.ActiveCfg = Debug|Any CPU
		{9B623C53-FBEC-43EA-93E8-8D3FD97725FA}.Debug|Any CPU.Build.0 = Debug|Any CPU
		{9B623C53-FBEC-43EA-93E8-8D3FD97725FA}.Debug|Any CPU.Deploy.0 = Debug|Any CPU
		{9B623C53-FBEC-43EA-93E8-8D3FD97725FA}.Debug|ARM.ActiveCfg = Debug|Any CPU
		{9B623C53-FBEC-43EA-93E8-8D3FD97725FA}.Debug|ARM.Build.0 = Debug|Any CPU
		{9B623C53-FBEC-43EA-93E8-8D3FD97725FA}.Debug|ARM.Deploy.0 = Debug|Any CPU
		{9B623C53-FBEC-43EA-93E8-8D3FD97725FA}.Debug|iPhone.ActiveCfg = Debug|Any CPU
		{9B623C53-FBEC-43EA-93E8-8D3FD97725FA}.Debug|iPhone.Build.0 = Debug|Any CPU
		{9B623C53-FBEC-43EA-93E8-8D3FD97725FA}.Debug|iPhone.Deploy.0 = Debug|Any CPU
		{9B623C53-FBEC-43EA-93E8-8D3FD97725FA}.Debug|iPhoneSimulator.ActiveCfg = Debug|Any CPU
		{9B623C53-FBEC-43EA-93E8-8D3FD97725FA}.Debug|iPhoneSimulator.Build.0 = Debug|Any CPU
		{9B623C53-FBEC-43EA-93E8-8D3FD97725FA}.Debug|iPhoneSimulator.Deploy.0 = Debug|Any CPU
		{9B623C53-FBEC-43EA-93E8-8D3FD97725FA}.Debug|x64.ActiveCfg = Debug|Any CPU
		{9B623C53-FBEC-43EA-93E8-8D3FD97725FA}.Debug|x64.Build.0 = Debug|Any CPU
		{9B623C53-FBEC-43EA-93E8-8D3FD97725FA}.Debug|x64.Deploy.0 = Debug|Any CPU
		{9B623C53-FBEC-43EA-93E8-8D3FD97725FA}.Debug|x86.ActiveCfg = Debug|Any CPU
		{9B623C53-FBEC-43EA-93E8-8D3FD97725FA}.Debug|x86.Build.0 = Debug|Any CPU
		{9B623C53-FBEC-43EA-93E8-8D3FD97725FA}.Debug|x86.Deploy.0 = Debug|Any CPU
		{9B623C53-FBEC-43EA-93E8-8D3FD97725FA}.Release|Any CPU.ActiveCfg = Release|Any CPU
		{9B623C53-FBEC-43EA-93E8-8D3FD97725FA}.Release|Any CPU.Build.0 = Release|Any CPU
		{9B623C53-FBEC-43EA-93E8-8D3FD97725FA}.Release|Any CPU.Deploy.0 = Release|Any CPU
		{9B623C53-FBEC-43EA-93E8-8D3FD97725FA}.Release|ARM.ActiveCfg = Release|Any CPU
		{9B623C53-FBEC-43EA-93E8-8D3FD97725FA}.Release|ARM.Build.0 = Release|Any CPU
		{9B623C53-FBEC-43EA-93E8-8D3FD97725FA}.Release|ARM.Deploy.0 = Release|Any CPU
		{9B623C53-FBEC-43EA-93E8-8D3FD97725FA}.Release|iPhone.ActiveCfg = Release|Any CPU
		{9B623C53-FBEC-43EA-93E8-8D3FD97725FA}.Release|iPhone.Build.0 = Release|Any CPU
		{9B623C53-FBEC-43EA-93E8-8D3FD97725FA}.Release|iPhone.Deploy.0 = Release|Any CPU
		{9B623C53-FBEC-43EA-93E8-8D3FD97725FA}.Release|iPhoneSimulator.ActiveCfg = Release|Any CPU
		{9B623C53-FBEC-43EA-93E8-8D3FD97725FA}.Release|iPhoneSimulator.Build.0 = Release|Any CPU
		{9B623C53-FBEC-43EA-93E8-8D3FD97725FA}.Release|iPhoneSimulator.Deploy.0 = Release|Any CPU
		{9B623C53-FBEC-43EA-93E8-8D3FD97725FA}.Release|x64.ActiveCfg = Release|Any CPU
		{9B623C53-FBEC-43EA-93E8-8D3FD97725FA}.Release|x64.Build.0 = Release|Any CPU
		{9B623C53-FBEC-43EA-93E8-8D3FD97725FA}.Release|x64.Deploy.0 = Release|Any CPU
		{9B623C53-FBEC-43EA-93E8-8D3FD97725FA}.Release|x86.ActiveCfg = Release|Any CPU
		{9B623C53-FBEC-43EA-93E8-8D3FD97725FA}.Release|x86.Build.0 = Release|Any CPU
		{9B623C53-FBEC-43EA-93E8-8D3FD97725FA}.Release|x86.Deploy.0 = Release|Any CPU
		{03060806-ACD1-4D56-908B-2C76C2B00919}.Ad-Hoc|Any CPU.ActiveCfg = Ad-Hoc|iPhone
		{03060806-ACD1-4D56-908B-2C76C2B00919}.Ad-Hoc|Any CPU.Build.0 = Ad-Hoc|iPhone
		{03060806-ACD1-4D56-908B-2C76C2B00919}.Ad-Hoc|Any CPU.Deploy.0 = Ad-Hoc|iPhone
		{03060806-ACD1-4D56-908B-2C76C2B00919}.Ad-Hoc|ARM.ActiveCfg = Ad-Hoc|iPhone
		{03060806-ACD1-4D56-908B-2C76C2B00919}.Ad-Hoc|ARM.Build.0 = Ad-Hoc|iPhone
		{03060806-ACD1-4D56-908B-2C76C2B00919}.Ad-Hoc|ARM.Deploy.0 = Ad-Hoc|iPhone
		{03060806-ACD1-4D56-908B-2C76C2B00919}.Ad-Hoc|iPhone.ActiveCfg = Ad-Hoc|iPhone
		{03060806-ACD1-4D56-908B-2C76C2B00919}.Ad-Hoc|iPhone.Build.0 = Ad-Hoc|iPhone
		{03060806-ACD1-4D56-908B-2C76C2B00919}.Ad-Hoc|iPhone.Deploy.0 = Ad-Hoc|iPhone
		{03060806-ACD1-4D56-908B-2C76C2B00919}.Ad-Hoc|iPhoneSimulator.ActiveCfg = Ad-Hoc|iPhoneSimulator
		{03060806-ACD1-4D56-908B-2C76C2B00919}.Ad-Hoc|iPhoneSimulator.Build.0 = Ad-Hoc|iPhoneSimulator
		{03060806-ACD1-4D56-908B-2C76C2B00919}.Ad-Hoc|iPhoneSimulator.Deploy.0 = Ad-Hoc|iPhoneSimulator
		{03060806-ACD1-4D56-908B-2C76C2B00919}.Ad-Hoc|x64.ActiveCfg = Ad-Hoc|iPhone
		{03060806-ACD1-4D56-908B-2C76C2B00919}.Ad-Hoc|x64.Build.0 = Ad-Hoc|iPhone
		{03060806-ACD1-4D56-908B-2C76C2B00919}.Ad-Hoc|x64.Deploy.0 = Ad-Hoc|iPhone
		{03060806-ACD1-4D56-908B-2C76C2B00919}.Ad-Hoc|x86.ActiveCfg = Ad-Hoc|iPhone
		{03060806-ACD1-4D56-908B-2C76C2B00919}.Ad-Hoc|x86.Build.0 = Ad-Hoc|iPhone
		{03060806-ACD1-4D56-908B-2C76C2B00919}.Ad-Hoc|x86.Deploy.0 = Ad-Hoc|iPhone
		{03060806-ACD1-4D56-908B-2C76C2B00919}.AppStore|Any CPU.ActiveCfg = AppStore|iPhone
		{03060806-ACD1-4D56-908B-2C76C2B00919}.AppStore|Any CPU.Build.0 = AppStore|iPhone
		{03060806-ACD1-4D56-908B-2C76C2B00919}.AppStore|Any CPU.Deploy.0 = AppStore|iPhone
		{03060806-ACD1-4D56-908B-2C76C2B00919}.AppStore|ARM.ActiveCfg = AppStore|iPhone
		{03060806-ACD1-4D56-908B-2C76C2B00919}.AppStore|ARM.Build.0 = AppStore|iPhone
		{03060806-ACD1-4D56-908B-2C76C2B00919}.AppStore|ARM.Deploy.0 = AppStore|iPhone
		{03060806-ACD1-4D56-908B-2C76C2B00919}.AppStore|iPhone.ActiveCfg = AppStore|iPhone
		{03060806-ACD1-4D56-908B-2C76C2B00919}.AppStore|iPhone.Build.0 = AppStore|iPhone
		{03060806-ACD1-4D56-908B-2C76C2B00919}.AppStore|iPhone.Deploy.0 = AppStore|iPhone
		{03060806-ACD1-4D56-908B-2C76C2B00919}.AppStore|iPhoneSimulator.ActiveCfg = AppStore|iPhoneSimulator
		{03060806-ACD1-4D56-908B-2C76C2B00919}.AppStore|iPhoneSimulator.Build.0 = AppStore|iPhoneSimulator
		{03060806-ACD1-4D56-908B-2C76C2B00919}.AppStore|iPhoneSimulator.Deploy.0 = AppStore|iPhoneSimulator
		{03060806-ACD1-4D56-908B-2C76C2B00919}.AppStore|x64.ActiveCfg = AppStore|iPhone
		{03060806-ACD1-4D56-908B-2C76C2B00919}.AppStore|x64.Build.0 = AppStore|iPhone
		{03060806-ACD1-4D56-908B-2C76C2B00919}.AppStore|x64.Deploy.0 = AppStore|iPhone
		{03060806-ACD1-4D56-908B-2C76C2B00919}.AppStore|x86.ActiveCfg = AppStore|iPhone
		{03060806-ACD1-4D56-908B-2C76C2B00919}.AppStore|x86.Build.0 = AppStore|iPhone
		{03060806-ACD1-4D56-908B-2C76C2B00919}.AppStore|x86.Deploy.0 = AppStore|iPhone
		{03060806-ACD1-4D56-908B-2C76C2B00919}.Debug|Any CPU.ActiveCfg = Debug|iPhoneSimulator
		{03060806-ACD1-4D56-908B-2C76C2B00919}.Debug|Any CPU.Build.0 = Debug|iPhoneSimulator
		{03060806-ACD1-4D56-908B-2C76C2B00919}.Debug|Any CPU.Deploy.0 = Debug|iPhoneSimulator
		{03060806-ACD1-4D56-908B-2C76C2B00919}.Debug|ARM.ActiveCfg = Debug|iPhone
		{03060806-ACD1-4D56-908B-2C76C2B00919}.Debug|ARM.Build.0 = Debug|iPhone
		{03060806-ACD1-4D56-908B-2C76C2B00919}.Debug|ARM.Deploy.0 = Debug|iPhone
		{03060806-ACD1-4D56-908B-2C76C2B00919}.Debug|iPhone.ActiveCfg = Debug|iPhone
		{03060806-ACD1-4D56-908B-2C76C2B00919}.Debug|iPhone.Build.0 = Debug|iPhone
		{03060806-ACD1-4D56-908B-2C76C2B00919}.Debug|iPhone.Deploy.0 = Debug|iPhone
		{03060806-ACD1-4D56-908B-2C76C2B00919}.Debug|iPhoneSimulator.ActiveCfg = Debug|iPhoneSimulator
		{03060806-ACD1-4D56-908B-2C76C2B00919}.Debug|iPhoneSimulator.Build.0 = Debug|iPhoneSimulator
		{03060806-ACD1-4D56-908B-2C76C2B00919}.Debug|iPhoneSimulator.Deploy.0 = Debug|iPhoneSimulator
		{03060806-ACD1-4D56-908B-2C76C2B00919}.Debug|x64.ActiveCfg = Debug|iPhone
		{03060806-ACD1-4D56-908B-2C76C2B00919}.Debug|x64.Build.0 = Debug|iPhone
		{03060806-ACD1-4D56-908B-2C76C2B00919}.Debug|x64.Deploy.0 = Debug|iPhone
		{03060806-ACD1-4D56-908B-2C76C2B00919}.Debug|x86.ActiveCfg = Debug|iPhone
		{03060806-ACD1-4D56-908B-2C76C2B00919}.Debug|x86.Build.0 = Debug|iPhone
		{03060806-ACD1-4D56-908B-2C76C2B00919}.Debug|x86.Deploy.0 = Debug|iPhone
		{03060806-ACD1-4D56-908B-2C76C2B00919}.Release|Any CPU.ActiveCfg = Release|iPhone
		{03060806-ACD1-4D56-908B-2C76C2B00919}.Release|Any CPU.Build.0 = Release|iPhone
		{03060806-ACD1-4D56-908B-2C76C2B00919}.Release|Any CPU.Deploy.0 = Release|iPhone
		{03060806-ACD1-4D56-908B-2C76C2B00919}.Release|ARM.ActiveCfg = Release|iPhone
		{03060806-ACD1-4D56-908B-2C76C2B00919}.Release|ARM.Build.0 = Release|iPhone
		{03060806-ACD1-4D56-908B-2C76C2B00919}.Release|ARM.Deploy.0 = Release|iPhone
		{03060806-ACD1-4D56-908B-2C76C2B00919}.Release|iPhone.ActiveCfg = Release|iPhone
		{03060806-ACD1-4D56-908B-2C76C2B00919}.Release|iPhone.Build.0 = Release|iPhone
		{03060806-ACD1-4D56-908B-2C76C2B00919}.Release|iPhone.Deploy.0 = Release|iPhone
		{03060806-ACD1-4D56-908B-2C76C2B00919}.Release|iPhoneSimulator.ActiveCfg = Release|iPhoneSimulator
		{03060806-ACD1-4D56-908B-2C76C2B00919}.Release|iPhoneSimulator.Build.0 = Release|iPhoneSimulator
		{03060806-ACD1-4D56-908B-2C76C2B00919}.Release|iPhoneSimulator.Deploy.0 = Release|iPhoneSimulator
		{03060806-ACD1-4D56-908B-2C76C2B00919}.Release|x64.ActiveCfg = Release|iPhone
		{03060806-ACD1-4D56-908B-2C76C2B00919}.Release|x64.Build.0 = Release|iPhone
		{03060806-ACD1-4D56-908B-2C76C2B00919}.Release|x64.Deploy.0 = Release|iPhone
		{03060806-ACD1-4D56-908B-2C76C2B00919}.Release|x86.ActiveCfg = Release|iPhone
		{03060806-ACD1-4D56-908B-2C76C2B00919}.Release|x86.Build.0 = Release|iPhone
		{03060806-ACD1-4D56-908B-2C76C2B00919}.Release|x86.Deploy.0 = Release|iPhone
		{D9325F42-960C-4D16-AF15-BD1A74D33B49}.Ad-Hoc|Any CPU.ActiveCfg = Release|x86
		{D9325F42-960C-4D16-AF15-BD1A74D33B49}.Ad-Hoc|Any CPU.Build.0 = Release|x86
		{D9325F42-960C-4D16-AF15-BD1A74D33B49}.Ad-Hoc|Any CPU.Deploy.0 = Release|x86
		{D9325F42-960C-4D16-AF15-BD1A74D33B49}.Ad-Hoc|ARM.ActiveCfg = Release|ARM
		{D9325F42-960C-4D16-AF15-BD1A74D33B49}.Ad-Hoc|ARM.Build.0 = Release|ARM
		{D9325F42-960C-4D16-AF15-BD1A74D33B49}.Ad-Hoc|ARM.Deploy.0 = Release|ARM
		{D9325F42-960C-4D16-AF15-BD1A74D33B49}.Ad-Hoc|iPhone.ActiveCfg = Release|x86
		{D9325F42-960C-4D16-AF15-BD1A74D33B49}.Ad-Hoc|iPhone.Build.0 = Release|x86
		{D9325F42-960C-4D16-AF15-BD1A74D33B49}.Ad-Hoc|iPhone.Deploy.0 = Release|x86
		{D9325F42-960C-4D16-AF15-BD1A74D33B49}.Ad-Hoc|iPhoneSimulator.ActiveCfg = Release|x86
		{D9325F42-960C-4D16-AF15-BD1A74D33B49}.Ad-Hoc|iPhoneSimulator.Build.0 = Release|x86
		{D9325F42-960C-4D16-AF15-BD1A74D33B49}.Ad-Hoc|iPhoneSimulator.Deploy.0 = Release|x86
		{D9325F42-960C-4D16-AF15-BD1A74D33B49}.Ad-Hoc|x64.ActiveCfg = Release|x64
		{D9325F42-960C-4D16-AF15-BD1A74D33B49}.Ad-Hoc|x64.Build.0 = Release|x64
		{D9325F42-960C-4D16-AF15-BD1A74D33B49}.Ad-Hoc|x64.Deploy.0 = Release|x64
		{D9325F42-960C-4D16-AF15-BD1A74D33B49}.Ad-Hoc|x86.ActiveCfg = Release|x86
		{D9325F42-960C-4D16-AF15-BD1A74D33B49}.Ad-Hoc|x86.Build.0 = Release|x86
		{D9325F42-960C-4D16-AF15-BD1A74D33B49}.Ad-Hoc|x86.Deploy.0 = Release|x86
		{D9325F42-960C-4D16-AF15-BD1A74D33B49}.AppStore|Any CPU.ActiveCfg = Release|x86
		{D9325F42-960C-4D16-AF15-BD1A74D33B49}.AppStore|Any CPU.Build.0 = Release|x86
		{D9325F42-960C-4D16-AF15-BD1A74D33B49}.AppStore|Any CPU.Deploy.0 = Release|x86
		{D9325F42-960C-4D16-AF15-BD1A74D33B49}.AppStore|ARM.ActiveCfg = Release|ARM
		{D9325F42-960C-4D16-AF15-BD1A74D33B49}.AppStore|ARM.Build.0 = Release|ARM
		{D9325F42-960C-4D16-AF15-BD1A74D33B49}.AppStore|ARM.Deploy.0 = Release|ARM
		{D9325F42-960C-4D16-AF15-BD1A74D33B49}.AppStore|iPhone.ActiveCfg = Release|x86
		{D9325F42-960C-4D16-AF15-BD1A74D33B49}.AppStore|iPhone.Build.0 = Release|x86
		{D9325F42-960C-4D16-AF15-BD1A74D33B49}.AppStore|iPhone.Deploy.0 = Release|x86
		{D9325F42-960C-4D16-AF15-BD1A74D33B49}.AppStore|iPhoneSimulator.ActiveCfg = Release|x86
		{D9325F42-960C-4D16-AF15-BD1A74D33B49}.AppStore|iPhoneSimulator.Build.0 = Release|x86
		{D9325F42-960C-4D16-AF15-BD1A74D33B49}.AppStore|iPhoneSimulator.Deploy.0 = Release|x86
		{D9325F42-960C-4D16-AF15-BD1A74D33B49}.AppStore|x64.ActiveCfg = Release|x64
		{D9325F42-960C-4D16-AF15-BD1A74D33B49}.AppStore|x64.Build.0 = Release|x64
		{D9325F42-960C-4D16-AF15-BD1A74D33B49}.AppStore|x64.Deploy.0 = Release|x64
		{D9325F42-960C-4D16-AF15-BD1A74D33B49}.AppStore|x86.ActiveCfg = Release|x86
		{D9325F42-960C-4D16-AF15-BD1A74D33B49}.AppStore|x86.Build.0 = Release|x86
		{D9325F42-960C-4D16-AF15-BD1A74D33B49}.AppStore|x86.Deploy.0 = Release|x86
		{D9325F42-960C-4D16-AF15-BD1A74D33B49}.Debug|Any CPU.ActiveCfg = Debug|x86
		{D9325F42-960C-4D16-AF15-BD1A74D33B49}.Debug|Any CPU.Build.0 = Debug|x86
		{D9325F42-960C-4D16-AF15-BD1A74D33B49}.Debug|Any CPU.Deploy.0 = Debug|x86
		{D9325F42-960C-4D16-AF15-BD1A74D33B49}.Debug|ARM.ActiveCfg = Debug|ARM
		{D9325F42-960C-4D16-AF15-BD1A74D33B49}.Debug|ARM.Build.0 = Debug|ARM
		{D9325F42-960C-4D16-AF15-BD1A74D33B49}.Debug|ARM.Deploy.0 = Debug|ARM
		{D9325F42-960C-4D16-AF15-BD1A74D33B49}.Debug|iPhone.ActiveCfg = Debug|x86
		{D9325F42-960C-4D16-AF15-BD1A74D33B49}.Debug|iPhone.Build.0 = Debug|x86
		{D9325F42-960C-4D16-AF15-BD1A74D33B49}.Debug|iPhone.Deploy.0 = Debug|x86
		{D9325F42-960C-4D16-AF15-BD1A74D33B49}.Debug|iPhoneSimulator.ActiveCfg = Debug|x86
		{D9325F42-960C-4D16-AF15-BD1A74D33B49}.Debug|iPhoneSimulator.Build.0 = Debug|x86
		{D9325F42-960C-4D16-AF15-BD1A74D33B49}.Debug|iPhoneSimulator.Deploy.0 = Debug|x86
		{D9325F42-960C-4D16-AF15-BD1A74D33B49}.Debug|x64.ActiveCfg = Debug|x64
		{D9325F42-960C-4D16-AF15-BD1A74D33B49}.Debug|x64.Build.0 = Debug|x64
		{D9325F42-960C-4D16-AF15-BD1A74D33B49}.Debug|x64.Deploy.0 = Debug|x64
		{D9325F42-960C-4D16-AF15-BD1A74D33B49}.Debug|x86.ActiveCfg = Debug|x86
		{D9325F42-960C-4D16-AF15-BD1A74D33B49}.Debug|x86.Build.0 = Debug|x86
		{D9325F42-960C-4D16-AF15-BD1A74D33B49}.Debug|x86.Deploy.0 = Debug|x86
		{D9325F42-960C-4D16-AF15-BD1A74D33B49}.Release|Any CPU.ActiveCfg = Release|x86
		{D9325F42-960C-4D16-AF15-BD1A74D33B49}.Release|Any CPU.Build.0 = Release|x86
		{D9325F42-960C-4D16-AF15-BD1A74D33B49}.Release|Any CPU.Deploy.0 = Release|x86
		{D9325F42-960C-4D16-AF15-BD1A74D33B49}.Release|ARM.ActiveCfg = Release|ARM
		{D9325F42-960C-4D16-AF15-BD1A74D33B49}.Release|ARM.Build.0 = Release|ARM
		{D9325F42-960C-4D16-AF15-BD1A74D33B49}.Release|ARM.Deploy.0 = Release|ARM
		{D9325F42-960C-4D16-AF15-BD1A74D33B49}.Release|iPhone.ActiveCfg = Release|x86
		{D9325F42-960C-4D16-AF15-BD1A74D33B49}.Release|iPhone.Build.0 = Release|x86
		{D9325F42-960C-4D16-AF15-BD1A74D33B49}.Release|iPhone.Deploy.0 = Release|x86
		{D9325F42-960C-4D16-AF15-BD1A74D33B49}.Release|iPhoneSimulator.ActiveCfg = Release|x86
		{D9325F42-960C-4D16-AF15-BD1A74D33B49}.Release|iPhoneSimulator.Build.0 = Release|x86
		{D9325F42-960C-4D16-AF15-BD1A74D33B49}.Release|iPhoneSimulator.Deploy.0 = Release|x86
		{D9325F42-960C-4D16-AF15-BD1A74D33B49}.Release|x64.ActiveCfg = Release|x64
		{D9325F42-960C-4D16-AF15-BD1A74D33B49}.Release|x64.Build.0 = Release|x64
		{D9325F42-960C-4D16-AF15-BD1A74D33B49}.Release|x64.Deploy.0 = Release|x64
		{D9325F42-960C-4D16-AF15-BD1A74D33B49}.Release|x86.ActiveCfg = Release|x86
		{D9325F42-960C-4D16-AF15-BD1A74D33B49}.Release|x86.Build.0 = Release|x86
		{D9325F42-960C-4D16-AF15-BD1A74D33B49}.Release|x86.Deploy.0 = Release|x86
		{48F9DB50-3695-47B7-92E2-FA2978D35CAC}.Ad-Hoc|Any CPU.ActiveCfg = Debug|Any CPU
		{48F9DB50-3695-47B7-92E2-FA2978D35CAC}.Ad-Hoc|Any CPU.Build.0 = Debug|Any CPU
		{48F9DB50-3695-47B7-92E2-FA2978D35CAC}.Ad-Hoc|Any CPU.Deploy.0 = Debug|Any CPU
		{48F9DB50-3695-47B7-92E2-FA2978D35CAC}.Ad-Hoc|ARM.ActiveCfg = Debug|Any CPU
		{48F9DB50-3695-47B7-92E2-FA2978D35CAC}.Ad-Hoc|ARM.Build.0 = Debug|Any CPU
		{48F9DB50-3695-47B7-92E2-FA2978D35CAC}.Ad-Hoc|ARM.Deploy.0 = Debug|Any CPU
		{48F9DB50-3695-47B7-92E2-FA2978D35CAC}.Ad-Hoc|iPhone.ActiveCfg = Debug|Any CPU
		{48F9DB50-3695-47B7-92E2-FA2978D35CAC}.Ad-Hoc|iPhone.Build.0 = Debug|Any CPU
		{48F9DB50-3695-47B7-92E2-FA2978D35CAC}.Ad-Hoc|iPhone.Deploy.0 = Debug|Any CPU
		{48F9DB50-3695-47B7-92E2-FA2978D35CAC}.Ad-Hoc|iPhoneSimulator.ActiveCfg = Debug|Any CPU
		{48F9DB50-3695-47B7-92E2-FA2978D35CAC}.Ad-Hoc|iPhoneSimulator.Build.0 = Debug|Any CPU
		{48F9DB50-3695-47B7-92E2-FA2978D35CAC}.Ad-Hoc|iPhoneSimulator.Deploy.0 = Debug|Any CPU
		{48F9DB50-3695-47B7-92E2-FA2978D35CAC}.Ad-Hoc|x64.ActiveCfg = Debug|Any CPU
		{48F9DB50-3695-47B7-92E2-FA2978D35CAC}.Ad-Hoc|x64.Build.0 = Debug|Any CPU
		{48F9DB50-3695-47B7-92E2-FA2978D35CAC}.Ad-Hoc|x64.Deploy.0 = Debug|Any CPU
		{48F9DB50-3695-47B7-92E2-FA2978D35CAC}.Ad-Hoc|x86.ActiveCfg = Debug|Any CPU
		{48F9DB50-3695-47B7-92E2-FA2978D35CAC}.Ad-Hoc|x86.Build.0 = Debug|Any CPU
		{48F9DB50-3695-47B7-92E2-FA2978D35CAC}.Ad-Hoc|x86.Deploy.0 = Debug|Any CPU
		{48F9DB50-3695-47B7-92E2-FA2978D35CAC}.AppStore|Any CPU.ActiveCfg = Debug|Any CPU
		{48F9DB50-3695-47B7-92E2-FA2978D35CAC}.AppStore|Any CPU.Build.0 = Debug|Any CPU
		{48F9DB50-3695-47B7-92E2-FA2978D35CAC}.AppStore|Any CPU.Deploy.0 = Debug|Any CPU
		{48F9DB50-3695-47B7-92E2-FA2978D35CAC}.AppStore|ARM.ActiveCfg = Debug|Any CPU
		{48F9DB50-3695-47B7-92E2-FA2978D35CAC}.AppStore|ARM.Build.0 = Debug|Any CPU
		{48F9DB50-3695-47B7-92E2-FA2978D35CAC}.AppStore|ARM.Deploy.0 = Debug|Any CPU
		{48F9DB50-3695-47B7-92E2-FA2978D35CAC}.AppStore|iPhone.ActiveCfg = Debug|Any CPU
		{48F9DB50-3695-47B7-92E2-FA2978D35CAC}.AppStore|iPhone.Build.0 = Debug|Any CPU
		{48F9DB50-3695-47B7-92E2-FA2978D35CAC}.AppStore|iPhone.Deploy.0 = Debug|Any CPU
		{48F9DB50-3695-47B7-92E2-FA2978D35CAC}.AppStore|iPhoneSimulator.ActiveCfg = Debug|Any CPU
		{48F9DB50-3695-47B7-92E2-FA2978D35CAC}.AppStore|iPhoneSimulator.Build.0 = Debug|Any CPU
		{48F9DB50-3695-47B7-92E2-FA2978D35CAC}.AppStore|iPhoneSimulator.Deploy.0 = Debug|Any CPU
		{48F9DB50-3695-47B7-92E2-FA2978D35CAC}.AppStore|x64.ActiveCfg = Debug|Any CPU
		{48F9DB50-3695-47B7-92E2-FA2978D35CAC}.AppStore|x64.Build.0 = Debug|Any CPU
		{48F9DB50-3695-47B7-92E2-FA2978D35CAC}.AppStore|x64.Deploy.0 = Debug|Any CPU
		{48F9DB50-3695-47B7-92E2-FA2978D35CAC}.AppStore|x86.ActiveCfg = Debug|Any CPU
		{48F9DB50-3695-47B7-92E2-FA2978D35CAC}.AppStore|x86.Build.0 = Debug|Any CPU
		{48F9DB50-3695-47B7-92E2-FA2978D35CAC}.AppStore|x86.Deploy.0 = Debug|Any CPU
		{48F9DB50-3695-47B7-92E2-FA2978D35CAC}.Debug|Any CPU.ActiveCfg = Debug|Any CPU
		{48F9DB50-3695-47B7-92E2-FA2978D35CAC}.Debug|Any CPU.Build.0 = Debug|Any CPU
		{48F9DB50-3695-47B7-92E2-FA2978D35CAC}.Debug|Any CPU.Deploy.0 = Debug|Any CPU
		{48F9DB50-3695-47B7-92E2-FA2978D35CAC}.Debug|ARM.ActiveCfg = Debug|Any CPU
		{48F9DB50-3695-47B7-92E2-FA2978D35CAC}.Debug|ARM.Build.0 = Debug|Any CPU
		{48F9DB50-3695-47B7-92E2-FA2978D35CAC}.Debug|ARM.Deploy.0 = Debug|Any CPU
		{48F9DB50-3695-47B7-92E2-FA2978D35CAC}.Debug|iPhone.ActiveCfg = Debug|Any CPU
		{48F9DB50-3695-47B7-92E2-FA2978D35CAC}.Debug|iPhone.Build.0 = Debug|Any CPU
		{48F9DB50-3695-47B7-92E2-FA2978D35CAC}.Debug|iPhone.Deploy.0 = Debug|Any CPU
		{48F9DB50-3695-47B7-92E2-FA2978D35CAC}.Debug|iPhoneSimulator.ActiveCfg = Debug|Any CPU
		{48F9DB50-3695-47B7-92E2-FA2978D35CAC}.Debug|iPhoneSimulator.Build.0 = Debug|Any CPU
		{48F9DB50-3695-47B7-92E2-FA2978D35CAC}.Debug|iPhoneSimulator.Deploy.0 = Debug|Any CPU
		{48F9DB50-3695-47B7-92E2-FA2978D35CAC}.Debug|x64.ActiveCfg = Debug|Any CPU
		{48F9DB50-3695-47B7-92E2-FA2978D35CAC}.Debug|x64.Build.0 = Debug|Any CPU
		{48F9DB50-3695-47B7-92E2-FA2978D35CAC}.Debug|x64.Deploy.0 = Debug|Any CPU
		{48F9DB50-3695-47B7-92E2-FA2978D35CAC}.Debug|x86.ActiveCfg = Debug|Any CPU
		{48F9DB50-3695-47B7-92E2-FA2978D35CAC}.Debug|x86.Build.0 = Debug|Any CPU
		{48F9DB50-3695-47B7-92E2-FA2978D35CAC}.Debug|x86.Deploy.0 = Debug|Any CPU
		{48F9DB50-3695-47B7-92E2-FA2978D35CAC}.Release|Any CPU.ActiveCfg = Release|Any CPU
		{48F9DB50-3695-47B7-92E2-FA2978D35CAC}.Release|Any CPU.Build.0 = Release|Any CPU
		{48F9DB50-3695-47B7-92E2-FA2978D35CAC}.Release|Any CPU.Deploy.0 = Release|Any CPU
		{48F9DB50-3695-47B7-92E2-FA2978D35CAC}.Release|ARM.ActiveCfg = Release|Any CPU
		{48F9DB50-3695-47B7-92E2-FA2978D35CAC}.Release|ARM.Build.0 = Release|Any CPU
		{48F9DB50-3695-47B7-92E2-FA2978D35CAC}.Release|ARM.Deploy.0 = Release|Any CPU
		{48F9DB50-3695-47B7-92E2-FA2978D35CAC}.Release|iPhone.ActiveCfg = Release|Any CPU
		{48F9DB50-3695-47B7-92E2-FA2978D35CAC}.Release|iPhone.Build.0 = Release|Any CPU
		{48F9DB50-3695-47B7-92E2-FA2978D35CAC}.Release|iPhone.Deploy.0 = Release|Any CPU
		{48F9DB50-3695-47B7-92E2-FA2978D35CAC}.Release|iPhoneSimulator.ActiveCfg = Release|Any CPU
		{48F9DB50-3695-47B7-92E2-FA2978D35CAC}.Release|iPhoneSimulator.Build.0 = Release|Any CPU
		{48F9DB50-3695-47B7-92E2-FA2978D35CAC}.Release|iPhoneSimulator.Deploy.0 = Release|Any CPU
		{48F9DB50-3695-47B7-92E2-FA2978D35CAC}.Release|x64.ActiveCfg = Release|Any CPU
		{48F9DB50-3695-47B7-92E2-FA2978D35CAC}.Release|x64.Build.0 = Release|Any CPU
		{48F9DB50-3695-47B7-92E2-FA2978D35CAC}.Release|x64.Deploy.0 = Release|Any CPU
		{48F9DB50-3695-47B7-92E2-FA2978D35CAC}.Release|x86.ActiveCfg = Release|Any CPU
		{48F9DB50-3695-47B7-92E2-FA2978D35CAC}.Release|x86.Build.0 = Release|Any CPU
		{48F9DB50-3695-47B7-92E2-FA2978D35CAC}.Release|x86.Deploy.0 = Release|Any CPU
		{259F2BBA-FBF6-4703-8632-ADE95EA0396F}.Ad-Hoc|Any CPU.ActiveCfg = Release|Any CPU
		{259F2BBA-FBF6-4703-8632-ADE95EA0396F}.Ad-Hoc|Any CPU.Build.0 = Release|Any CPU
		{259F2BBA-FBF6-4703-8632-ADE95EA0396F}.Ad-Hoc|ARM.ActiveCfg = Release|Any CPU
		{259F2BBA-FBF6-4703-8632-ADE95EA0396F}.Ad-Hoc|ARM.Build.0 = Release|Any CPU
		{259F2BBA-FBF6-4703-8632-ADE95EA0396F}.Ad-Hoc|iPhone.ActiveCfg = Release|Any CPU
		{259F2BBA-FBF6-4703-8632-ADE95EA0396F}.Ad-Hoc|iPhone.Build.0 = Release|Any CPU
		{259F2BBA-FBF6-4703-8632-ADE95EA0396F}.Ad-Hoc|iPhoneSimulator.ActiveCfg = Release|Any CPU
		{259F2BBA-FBF6-4703-8632-ADE95EA0396F}.Ad-Hoc|iPhoneSimulator.Build.0 = Release|Any CPU
		{259F2BBA-FBF6-4703-8632-ADE95EA0396F}.Ad-Hoc|x64.ActiveCfg = Release|Any CPU
		{259F2BBA-FBF6-4703-8632-ADE95EA0396F}.Ad-Hoc|x64.Build.0 = Release|Any CPU
		{259F2BBA-FBF6-4703-8632-ADE95EA0396F}.Ad-Hoc|x86.ActiveCfg = Release|Any CPU
		{259F2BBA-FBF6-4703-8632-ADE95EA0396F}.Ad-Hoc|x86.Build.0 = Release|Any CPU
		{259F2BBA-FBF6-4703-8632-ADE95EA0396F}.AppStore|Any CPU.ActiveCfg = Release|Any CPU
		{259F2BBA-FBF6-4703-8632-ADE95EA0396F}.AppStore|Any CPU.Build.0 = Release|Any CPU
		{259F2BBA-FBF6-4703-8632-ADE95EA0396F}.AppStore|ARM.ActiveCfg = Release|Any CPU
		{259F2BBA-FBF6-4703-8632-ADE95EA0396F}.AppStore|ARM.Build.0 = Release|Any CPU
		{259F2BBA-FBF6-4703-8632-ADE95EA0396F}.AppStore|iPhone.ActiveCfg = Release|Any CPU
		{259F2BBA-FBF6-4703-8632-ADE95EA0396F}.AppStore|iPhone.Build.0 = Release|Any CPU
		{259F2BBA-FBF6-4703-8632-ADE95EA0396F}.AppStore|iPhoneSimulator.ActiveCfg = Release|Any CPU
		{259F2BBA-FBF6-4703-8632-ADE95EA0396F}.AppStore|iPhoneSimulator.Build.0 = Release|Any CPU
		{259F2BBA-FBF6-4703-8632-ADE95EA0396F}.AppStore|x64.ActiveCfg = Release|Any CPU
		{259F2BBA-FBF6-4703-8632-ADE95EA0396F}.AppStore|x64.Build.0 = Release|Any CPU
		{259F2BBA-FBF6-4703-8632-ADE95EA0396F}.AppStore|x86.ActiveCfg = Release|Any CPU
		{259F2BBA-FBF6-4703-8632-ADE95EA0396F}.AppStore|x86.Build.0 = Release|Any CPU
		{259F2BBA-FBF6-4703-8632-ADE95EA0396F}.Debug|Any CPU.ActiveCfg = Debug|Any CPU
		{259F2BBA-FBF6-4703-8632-ADE95EA0396F}.Debug|Any CPU.Build.0 = Debug|Any CPU
		{259F2BBA-FBF6-4703-8632-ADE95EA0396F}.Debug|ARM.ActiveCfg = Debug|Any CPU
		{259F2BBA-FBF6-4703-8632-ADE95EA0396F}.Debug|ARM.Build.0 = Debug|Any CPU
		{259F2BBA-FBF6-4703-8632-ADE95EA0396F}.Debug|iPhone.ActiveCfg = Debug|Any CPU
		{259F2BBA-FBF6-4703-8632-ADE95EA0396F}.Debug|iPhone.Build.0 = Debug|Any CPU
		{259F2BBA-FBF6-4703-8632-ADE95EA0396F}.Debug|iPhoneSimulator.ActiveCfg = Debug|Any CPU
		{259F2BBA-FBF6-4703-8632-ADE95EA0396F}.Debug|iPhoneSimulator.Build.0 = Debug|Any CPU
		{259F2BBA-FBF6-4703-8632-ADE95EA0396F}.Debug|x64.ActiveCfg = Debug|Any CPU
		{259F2BBA-FBF6-4703-8632-ADE95EA0396F}.Debug|x64.Build.0 = Debug|Any CPU
		{259F2BBA-FBF6-4703-8632-ADE95EA0396F}.Debug|x86.ActiveCfg = Debug|Any CPU
		{259F2BBA-FBF6-4703-8632-ADE95EA0396F}.Debug|x86.Build.0 = Debug|Any CPU
		{259F2BBA-FBF6-4703-8632-ADE95EA0396F}.Release|Any CPU.ActiveCfg = Release|Any CPU
		{259F2BBA-FBF6-4703-8632-ADE95EA0396F}.Release|Any CPU.Build.0 = Release|Any CPU
		{259F2BBA-FBF6-4703-8632-ADE95EA0396F}.Release|ARM.ActiveCfg = Release|Any CPU
		{259F2BBA-FBF6-4703-8632-ADE95EA0396F}.Release|ARM.Build.0 = Release|Any CPU
		{259F2BBA-FBF6-4703-8632-ADE95EA0396F}.Release|iPhone.ActiveCfg = Release|Any CPU
		{259F2BBA-FBF6-4703-8632-ADE95EA0396F}.Release|iPhone.Build.0 = Release|Any CPU
		{259F2BBA-FBF6-4703-8632-ADE95EA0396F}.Release|iPhoneSimulator.ActiveCfg = Release|Any CPU
		{259F2BBA-FBF6-4703-8632-ADE95EA0396F}.Release|iPhoneSimulator.Build.0 = Release|Any CPU
		{259F2BBA-FBF6-4703-8632-ADE95EA0396F}.Release|x64.ActiveCfg = Release|Any CPU
		{259F2BBA-FBF6-4703-8632-ADE95EA0396F}.Release|x64.Build.0 = Release|Any CPU
		{259F2BBA-FBF6-4703-8632-ADE95EA0396F}.Release|x86.ActiveCfg = Release|Any CPU
		{259F2BBA-FBF6-4703-8632-ADE95EA0396F}.Release|x86.Build.0 = Release|Any CPU
		{A88FEF02-1B8C-4D8A-AD08-8F6C7BDB0BFC}.Ad-Hoc|Any CPU.ActiveCfg = Release|Any CPU
		{A88FEF02-1B8C-4D8A-AD08-8F6C7BDB0BFC}.Ad-Hoc|Any CPU.Build.0 = Release|Any CPU
		{A88FEF02-1B8C-4D8A-AD08-8F6C7BDB0BFC}.Ad-Hoc|ARM.ActiveCfg = Release|Any CPU
		{A88FEF02-1B8C-4D8A-AD08-8F6C7BDB0BFC}.Ad-Hoc|ARM.Build.0 = Release|Any CPU
		{A88FEF02-1B8C-4D8A-AD08-8F6C7BDB0BFC}.Ad-Hoc|iPhone.ActiveCfg = Release|Any CPU
		{A88FEF02-1B8C-4D8A-AD08-8F6C7BDB0BFC}.Ad-Hoc|iPhone.Build.0 = Release|Any CPU
		{A88FEF02-1B8C-4D8A-AD08-8F6C7BDB0BFC}.Ad-Hoc|iPhoneSimulator.ActiveCfg = Release|Any CPU
		{A88FEF02-1B8C-4D8A-AD08-8F6C7BDB0BFC}.Ad-Hoc|iPhoneSimulator.Build.0 = Release|Any CPU
		{A88FEF02-1B8C-4D8A-AD08-8F6C7BDB0BFC}.Ad-Hoc|x64.ActiveCfg = Release|Any CPU
		{A88FEF02-1B8C-4D8A-AD08-8F6C7BDB0BFC}.Ad-Hoc|x64.Build.0 = Release|Any CPU
		{A88FEF02-1B8C-4D8A-AD08-8F6C7BDB0BFC}.Ad-Hoc|x86.ActiveCfg = Release|Any CPU
		{A88FEF02-1B8C-4D8A-AD08-8F6C7BDB0BFC}.Ad-Hoc|x86.Build.0 = Release|Any CPU
		{A88FEF02-1B8C-4D8A-AD08-8F6C7BDB0BFC}.AppStore|Any CPU.ActiveCfg = Release|Any CPU
		{A88FEF02-1B8C-4D8A-AD08-8F6C7BDB0BFC}.AppStore|Any CPU.Build.0 = Release|Any CPU
		{A88FEF02-1B8C-4D8A-AD08-8F6C7BDB0BFC}.AppStore|ARM.ActiveCfg = Release|Any CPU
		{A88FEF02-1B8C-4D8A-AD08-8F6C7BDB0BFC}.AppStore|ARM.Build.0 = Release|Any CPU
		{A88FEF02-1B8C-4D8A-AD08-8F6C7BDB0BFC}.AppStore|iPhone.ActiveCfg = Release|Any CPU
		{A88FEF02-1B8C-4D8A-AD08-8F6C7BDB0BFC}.AppStore|iPhone.Build.0 = Release|Any CPU
		{A88FEF02-1B8C-4D8A-AD08-8F6C7BDB0BFC}.AppStore|iPhoneSimulator.ActiveCfg = Release|Any CPU
		{A88FEF02-1B8C-4D8A-AD08-8F6C7BDB0BFC}.AppStore|iPhoneSimulator.Build.0 = Release|Any CPU
		{A88FEF02-1B8C-4D8A-AD08-8F6C7BDB0BFC}.AppStore|x64.ActiveCfg = Release|Any CPU
		{A88FEF02-1B8C-4D8A-AD08-8F6C7BDB0BFC}.AppStore|x64.Build.0 = Release|Any CPU
		{A88FEF02-1B8C-4D8A-AD08-8F6C7BDB0BFC}.AppStore|x86.ActiveCfg = Release|Any CPU
		{A88FEF02-1B8C-4D8A-AD08-8F6C7BDB0BFC}.AppStore|x86.Build.0 = Release|Any CPU
		{A88FEF02-1B8C-4D8A-AD08-8F6C7BDB0BFC}.Debug|Any CPU.ActiveCfg = Debug|Any CPU
		{A88FEF02-1B8C-4D8A-AD08-8F6C7BDB0BFC}.Debug|Any CPU.Build.0 = Debug|Any CPU
		{A88FEF02-1B8C-4D8A-AD08-8F6C7BDB0BFC}.Debug|ARM.ActiveCfg = Debug|Any CPU
		{A88FEF02-1B8C-4D8A-AD08-8F6C7BDB0BFC}.Debug|ARM.Build.0 = Debug|Any CPU
		{A88FEF02-1B8C-4D8A-AD08-8F6C7BDB0BFC}.Debug|iPhone.ActiveCfg = Debug|Any CPU
		{A88FEF02-1B8C-4D8A-AD08-8F6C7BDB0BFC}.Debug|iPhone.Build.0 = Debug|Any CPU
		{A88FEF02-1B8C-4D8A-AD08-8F6C7BDB0BFC}.Debug|iPhoneSimulator.ActiveCfg = Debug|Any CPU
		{A88FEF02-1B8C-4D8A-AD08-8F6C7BDB0BFC}.Debug|iPhoneSimulator.Build.0 = Debug|Any CPU
		{A88FEF02-1B8C-4D8A-AD08-8F6C7BDB0BFC}.Debug|x64.ActiveCfg = Debug|Any CPU
		{A88FEF02-1B8C-4D8A-AD08-8F6C7BDB0BFC}.Debug|x64.Build.0 = Debug|Any CPU
		{A88FEF02-1B8C-4D8A-AD08-8F6C7BDB0BFC}.Debug|x86.ActiveCfg = Debug|Any CPU
		{A88FEF02-1B8C-4D8A-AD08-8F6C7BDB0BFC}.Debug|x86.Build.0 = Debug|Any CPU
		{A88FEF02-1B8C-4D8A-AD08-8F6C7BDB0BFC}.Release|Any CPU.ActiveCfg = Release|Any CPU
		{A88FEF02-1B8C-4D8A-AD08-8F6C7BDB0BFC}.Release|Any CPU.Build.0 = Release|Any CPU
		{A88FEF02-1B8C-4D8A-AD08-8F6C7BDB0BFC}.Release|ARM.ActiveCfg = Release|Any CPU
		{A88FEF02-1B8C-4D8A-AD08-8F6C7BDB0BFC}.Release|ARM.Build.0 = Release|Any CPU
		{A88FEF02-1B8C-4D8A-AD08-8F6C7BDB0BFC}.Release|iPhone.ActiveCfg = Release|Any CPU
		{A88FEF02-1B8C-4D8A-AD08-8F6C7BDB0BFC}.Release|iPhone.Build.0 = Release|Any CPU
		{A88FEF02-1B8C-4D8A-AD08-8F6C7BDB0BFC}.Release|iPhoneSimulator.ActiveCfg = Release|Any CPU
		{A88FEF02-1B8C-4D8A-AD08-8F6C7BDB0BFC}.Release|iPhoneSimulator.Build.0 = Release|Any CPU
		{A88FEF02-1B8C-4D8A-AD08-8F6C7BDB0BFC}.Release|x64.ActiveCfg = Release|Any CPU
		{A88FEF02-1B8C-4D8A-AD08-8F6C7BDB0BFC}.Release|x64.Build.0 = Release|Any CPU
		{A88FEF02-1B8C-4D8A-AD08-8F6C7BDB0BFC}.Release|x86.ActiveCfg = Release|Any CPU
		{A88FEF02-1B8C-4D8A-AD08-8F6C7BDB0BFC}.Release|x86.Build.0 = Release|Any CPU
		{9DA0BAF8-611A-4887-A23C-ACD61F576232}.Ad-Hoc|Any CPU.ActiveCfg = Release|Any CPU
		{9DA0BAF8-611A-4887-A23C-ACD61F576232}.Ad-Hoc|Any CPU.Build.0 = Release|Any CPU
		{9DA0BAF8-611A-4887-A23C-ACD61F576232}.Ad-Hoc|ARM.ActiveCfg = Release|Any CPU
		{9DA0BAF8-611A-4887-A23C-ACD61F576232}.Ad-Hoc|ARM.Build.0 = Release|Any CPU
		{9DA0BAF8-611A-4887-A23C-ACD61F576232}.Ad-Hoc|iPhone.ActiveCfg = Release|Any CPU
		{9DA0BAF8-611A-4887-A23C-ACD61F576232}.Ad-Hoc|iPhone.Build.0 = Release|Any CPU
		{9DA0BAF8-611A-4887-A23C-ACD61F576232}.Ad-Hoc|iPhoneSimulator.ActiveCfg = Release|Any CPU
		{9DA0BAF8-611A-4887-A23C-ACD61F576232}.Ad-Hoc|iPhoneSimulator.Build.0 = Release|Any CPU
		{9DA0BAF8-611A-4887-A23C-ACD61F576232}.Ad-Hoc|x64.ActiveCfg = Release|Any CPU
		{9DA0BAF8-611A-4887-A23C-ACD61F576232}.Ad-Hoc|x64.Build.0 = Release|Any CPU
		{9DA0BAF8-611A-4887-A23C-ACD61F576232}.Ad-Hoc|x86.ActiveCfg = Release|Any CPU
		{9DA0BAF8-611A-4887-A23C-ACD61F576232}.Ad-Hoc|x86.Build.0 = Release|Any CPU
		{9DA0BAF8-611A-4887-A23C-ACD61F576232}.AppStore|Any CPU.ActiveCfg = Release|Any CPU
		{9DA0BAF8-611A-4887-A23C-ACD61F576232}.AppStore|Any CPU.Build.0 = Release|Any CPU
		{9DA0BAF8-611A-4887-A23C-ACD61F576232}.AppStore|ARM.ActiveCfg = Release|Any CPU
		{9DA0BAF8-611A-4887-A23C-ACD61F576232}.AppStore|ARM.Build.0 = Release|Any CPU
		{9DA0BAF8-611A-4887-A23C-ACD61F576232}.AppStore|iPhone.ActiveCfg = Release|Any CPU
		{9DA0BAF8-611A-4887-A23C-ACD61F576232}.AppStore|iPhone.Build.0 = Release|Any CPU
		{9DA0BAF8-611A-4887-A23C-ACD61F576232}.AppStore|iPhoneSimulator.ActiveCfg = Release|Any CPU
		{9DA0BAF8-611A-4887-A23C-ACD61F576232}.AppStore|iPhoneSimulator.Build.0 = Release|Any CPU
		{9DA0BAF8-611A-4887-A23C-ACD61F576232}.AppStore|x64.ActiveCfg = Release|Any CPU
		{9DA0BAF8-611A-4887-A23C-ACD61F576232}.AppStore|x64.Build.0 = Release|Any CPU
		{9DA0BAF8-611A-4887-A23C-ACD61F576232}.AppStore|x86.ActiveCfg = Release|Any CPU
		{9DA0BAF8-611A-4887-A23C-ACD61F576232}.AppStore|x86.Build.0 = Release|Any CPU
		{9DA0BAF8-611A-4887-A23C-ACD61F576232}.Debug|Any CPU.ActiveCfg = Debug|Any CPU
		{9DA0BAF8-611A-4887-A23C-ACD61F576232}.Debug|Any CPU.Build.0 = Debug|Any CPU
		{9DA0BAF8-611A-4887-A23C-ACD61F576232}.Debug|ARM.ActiveCfg = Debug|Any CPU
		{9DA0BAF8-611A-4887-A23C-ACD61F576232}.Debug|ARM.Build.0 = Debug|Any CPU
		{9DA0BAF8-611A-4887-A23C-ACD61F576232}.Debug|iPhone.ActiveCfg = Debug|Any CPU
		{9DA0BAF8-611A-4887-A23C-ACD61F576232}.Debug|iPhone.Build.0 = Debug|Any CPU
		{9DA0BAF8-611A-4887-A23C-ACD61F576232}.Debug|iPhoneSimulator.ActiveCfg = Debug|Any CPU
		{9DA0BAF8-611A-4887-A23C-ACD61F576232}.Debug|iPhoneSimulator.Build.0 = Debug|Any CPU
		{9DA0BAF8-611A-4887-A23C-ACD61F576232}.Debug|x64.ActiveCfg = Debug|Any CPU
		{9DA0BAF8-611A-4887-A23C-ACD61F576232}.Debug|x64.Build.0 = Debug|Any CPU
		{9DA0BAF8-611A-4887-A23C-ACD61F576232}.Debug|x86.ActiveCfg = Debug|Any CPU
		{9DA0BAF8-611A-4887-A23C-ACD61F576232}.Debug|x86.Build.0 = Debug|Any CPU
		{9DA0BAF8-611A-4887-A23C-ACD61F576232}.Release|Any CPU.ActiveCfg = Release|Any CPU
		{9DA0BAF8-611A-4887-A23C-ACD61F576232}.Release|Any CPU.Build.0 = Release|Any CPU
		{9DA0BAF8-611A-4887-A23C-ACD61F576232}.Release|ARM.ActiveCfg = Release|Any CPU
		{9DA0BAF8-611A-4887-A23C-ACD61F576232}.Release|ARM.Build.0 = Release|Any CPU
		{9DA0BAF8-611A-4887-A23C-ACD61F576232}.Release|iPhone.ActiveCfg = Release|Any CPU
		{9DA0BAF8-611A-4887-A23C-ACD61F576232}.Release|iPhone.Build.0 = Release|Any CPU
		{9DA0BAF8-611A-4887-A23C-ACD61F576232}.Release|iPhoneSimulator.ActiveCfg = Release|Any CPU
		{9DA0BAF8-611A-4887-A23C-ACD61F576232}.Release|iPhoneSimulator.Build.0 = Release|Any CPU
		{9DA0BAF8-611A-4887-A23C-ACD61F576232}.Release|x64.ActiveCfg = Release|Any CPU
		{9DA0BAF8-611A-4887-A23C-ACD61F576232}.Release|x64.Build.0 = Release|Any CPU
		{9DA0BAF8-611A-4887-A23C-ACD61F576232}.Release|x86.ActiveCfg = Release|Any CPU
		{9DA0BAF8-611A-4887-A23C-ACD61F576232}.Release|x86.Build.0 = Release|Any CPU
		{CCB68AA5-47D0-428A-9153-CE07A16FBD7D}.Ad-Hoc|Any CPU.ActiveCfg = Release|Any CPU
		{CCB68AA5-47D0-428A-9153-CE07A16FBD7D}.Ad-Hoc|Any CPU.Build.0 = Release|Any CPU
		{CCB68AA5-47D0-428A-9153-CE07A16FBD7D}.Ad-Hoc|ARM.ActiveCfg = Release|Any CPU
		{CCB68AA5-47D0-428A-9153-CE07A16FBD7D}.Ad-Hoc|ARM.Build.0 = Release|Any CPU
		{CCB68AA5-47D0-428A-9153-CE07A16FBD7D}.Ad-Hoc|iPhone.ActiveCfg = Release|Any CPU
		{CCB68AA5-47D0-428A-9153-CE07A16FBD7D}.Ad-Hoc|iPhone.Build.0 = Release|Any CPU
		{CCB68AA5-47D0-428A-9153-CE07A16FBD7D}.Ad-Hoc|iPhoneSimulator.ActiveCfg = Release|Any CPU
		{CCB68AA5-47D0-428A-9153-CE07A16FBD7D}.Ad-Hoc|iPhoneSimulator.Build.0 = Release|Any CPU
		{CCB68AA5-47D0-428A-9153-CE07A16FBD7D}.Ad-Hoc|x64.ActiveCfg = Release|Any CPU
		{CCB68AA5-47D0-428A-9153-CE07A16FBD7D}.Ad-Hoc|x64.Build.0 = Release|Any CPU
		{CCB68AA5-47D0-428A-9153-CE07A16FBD7D}.Ad-Hoc|x86.ActiveCfg = Release|Any CPU
		{CCB68AA5-47D0-428A-9153-CE07A16FBD7D}.Ad-Hoc|x86.Build.0 = Release|Any CPU
		{CCB68AA5-47D0-428A-9153-CE07A16FBD7D}.AppStore|Any CPU.ActiveCfg = Release|Any CPU
		{CCB68AA5-47D0-428A-9153-CE07A16FBD7D}.AppStore|Any CPU.Build.0 = Release|Any CPU
		{CCB68AA5-47D0-428A-9153-CE07A16FBD7D}.AppStore|ARM.ActiveCfg = Release|Any CPU
		{CCB68AA5-47D0-428A-9153-CE07A16FBD7D}.AppStore|ARM.Build.0 = Release|Any CPU
		{CCB68AA5-47D0-428A-9153-CE07A16FBD7D}.AppStore|iPhone.ActiveCfg = Release|Any CPU
		{CCB68AA5-47D0-428A-9153-CE07A16FBD7D}.AppStore|iPhone.Build.0 = Release|Any CPU
		{CCB68AA5-47D0-428A-9153-CE07A16FBD7D}.AppStore|iPhoneSimulator.ActiveCfg = Release|Any CPU
		{CCB68AA5-47D0-428A-9153-CE07A16FBD7D}.AppStore|iPhoneSimulator.Build.0 = Release|Any CPU
		{CCB68AA5-47D0-428A-9153-CE07A16FBD7D}.AppStore|x64.ActiveCfg = Release|Any CPU
		{CCB68AA5-47D0-428A-9153-CE07A16FBD7D}.AppStore|x64.Build.0 = Release|Any CPU
		{CCB68AA5-47D0-428A-9153-CE07A16FBD7D}.AppStore|x86.ActiveCfg = Release|Any CPU
		{CCB68AA5-47D0-428A-9153-CE07A16FBD7D}.AppStore|x86.Build.0 = Release|Any CPU
		{CCB68AA5-47D0-428A-9153-CE07A16FBD7D}.Debug|Any CPU.ActiveCfg = Debug|Any CPU
		{CCB68AA5-47D0-428A-9153-CE07A16FBD7D}.Debug|Any CPU.Build.0 = Debug|Any CPU
		{CCB68AA5-47D0-428A-9153-CE07A16FBD7D}.Debug|ARM.ActiveCfg = Debug|Any CPU
		{CCB68AA5-47D0-428A-9153-CE07A16FBD7D}.Debug|ARM.Build.0 = Debug|Any CPU
		{CCB68AA5-47D0-428A-9153-CE07A16FBD7D}.Debug|iPhone.ActiveCfg = Debug|Any CPU
		{CCB68AA5-47D0-428A-9153-CE07A16FBD7D}.Debug|iPhone.Build.0 = Debug|Any CPU
		{CCB68AA5-47D0-428A-9153-CE07A16FBD7D}.Debug|iPhoneSimulator.ActiveCfg = Debug|Any CPU
		{CCB68AA5-47D0-428A-9153-CE07A16FBD7D}.Debug|iPhoneSimulator.Build.0 = Debug|Any CPU
		{CCB68AA5-47D0-428A-9153-CE07A16FBD7D}.Debug|x64.ActiveCfg = Debug|Any CPU
		{CCB68AA5-47D0-428A-9153-CE07A16FBD7D}.Debug|x64.Build.0 = Debug|Any CPU
		{CCB68AA5-47D0-428A-9153-CE07A16FBD7D}.Debug|x86.ActiveCfg = Debug|Any CPU
		{CCB68AA5-47D0-428A-9153-CE07A16FBD7D}.Debug|x86.Build.0 = Debug|Any CPU
		{CCB68AA5-47D0-428A-9153-CE07A16FBD7D}.Release|Any CPU.ActiveCfg = Release|Any CPU
		{CCB68AA5-47D0-428A-9153-CE07A16FBD7D}.Release|Any CPU.Build.0 = Release|Any CPU
		{CCB68AA5-47D0-428A-9153-CE07A16FBD7D}.Release|ARM.ActiveCfg = Release|Any CPU
		{CCB68AA5-47D0-428A-9153-CE07A16FBD7D}.Release|ARM.Build.0 = Release|Any CPU
		{CCB68AA5-47D0-428A-9153-CE07A16FBD7D}.Release|iPhone.ActiveCfg = Release|Any CPU
		{CCB68AA5-47D0-428A-9153-CE07A16FBD7D}.Release|iPhone.Build.0 = Release|Any CPU
		{CCB68AA5-47D0-428A-9153-CE07A16FBD7D}.Release|iPhoneSimulator.ActiveCfg = Release|Any CPU
		{CCB68AA5-47D0-428A-9153-CE07A16FBD7D}.Release|iPhoneSimulator.Build.0 = Release|Any CPU
		{CCB68AA5-47D0-428A-9153-CE07A16FBD7D}.Release|x64.ActiveCfg = Release|Any CPU
		{CCB68AA5-47D0-428A-9153-CE07A16FBD7D}.Release|x64.Build.0 = Release|Any CPU
		{CCB68AA5-47D0-428A-9153-CE07A16FBD7D}.Release|x86.ActiveCfg = Release|Any CPU
		{CCB68AA5-47D0-428A-9153-CE07A16FBD7D}.Release|x86.Build.0 = Release|Any CPU
	EndGlobalSection
	GlobalSection(SolutionProperties) = preSolution
		HideSolutionNode = FALSE
	EndGlobalSection
	GlobalSection(ExtensibilityGlobals) = postSolution
		SolutionGuid = {199B7243-358F-40C9-A805-71B9C3488550}
	EndGlobalSection
EndGlobal
